// !$*UTF8*$!
{
	archiveVersion = 1;
	classes = {
	};
	objectVersion = 46;
	objects = {

/* Begin PBXBuildFile section */
		F7AA98F31CECE6A500E1C82D /* AppDelegate.swift in Sources */ = {isa = PBXBuildFile; fileRef = F7AA98F21CECE6A500E1C82D /* AppDelegate.swift */; };
		F7AA98F81CECE6A500E1C82D /* Main.storyboard in Resources */ = {isa = PBXBuildFile; fileRef = F7AA98F61CECE6A500E1C82D /* Main.storyboard */; };
		F7AA98FA1CECE6A500E1C82D /* Assets.xcassets in Resources */ = {isa = PBXBuildFile; fileRef = F7AA98F91CECE6A500E1C82D /* Assets.xcassets */; };
		F7AA98FD1CECE6A500E1C82D /* LaunchScreen.storyboard in Resources */ = {isa = PBXBuildFile; fileRef = F7AA98FB1CECE6A500E1C82D /* LaunchScreen.storyboard */; };
		F7AA990A1CECE83100E1C82D /* ScrollImageView.swift in Sources */ = {isa = PBXBuildFile; fileRef = F7AA99091CECE83100E1C82D /* ScrollImageView.swift */; };
/* End PBXBuildFile section */

/* Begin PBXFileReference section */
		F7AA98EF1CECE6A500E1C82D /* ScrollImageView.app */ = {isa = PBXFileReference; explicitFileType = wrapper.application; includeInIndex = 0; path = ScrollImageView.app; sourceTree = BUILT_PRODUCTS_DIR; };
		F7AA98F21CECE6A500E1C82D /* AppDelegate.swift */ = {isa = PBXFileReference; lastKnownFileType = sourcecode.swift; path = AppDelegate.swift; sourceTree = "<group>"; };
		F7AA98F71CECE6A500E1C82D /* Base */ = {isa = PBXFileReference; lastKnownFileType = file.storyboard; name = Base; path = Base.lproj/Main.storyboard; sourceTree = "<group>"; };
		F7AA98F91CECE6A500E1C82D /* Assets.xcassets */ = {isa = PBXFileReference; lastKnownFileType = folder.assetcatalog; path = Assets.xcassets; sourceTree = "<group>"; };
		F7AA98FC1CECE6A500E1C82D /* Base */ = {isa = PBXFileReference; lastKnownFileType = file.storyboard; name = Base; path = Base.lproj/LaunchScreen.storyboard; sourceTree = "<group>"; };
		F7AA98FE1CECE6A500E1C82D /* Info.plist */ = {isa = PBXFileReference; lastKnownFileType = text.plist.xml; path = Info.plist; sourceTree = "<group>"; };
		F7AA99091CECE83100E1C82D /* ScrollImageView.swift */ = {isa = PBXFileReference; fileEncoding = 4; lastKnownFileType = sourcecode.swift; path = ScrollImageView.swift; sourceTree = "<group>"; };
/* End PBXFileReference section */

/* Begin PBXFrameworksBuildPhase section */
		F7AA98EC1CECE6A500E1C82D /* Frameworks */ = {
			isa = PBXFrameworksBuildPhase;
			buildActionMask = 2147483647;
			files = (
			);
			runOnlyForDeploymentPostprocessing = 0;
		};
/* End PBXFrameworksBuildPhase section */

/* Begin PBXGroup section */
		F7AA98E61CECE6A500E1C82D = {
			isa = PBXGroup;
			children = (
				F7AA98F11CECE6A500E1C82D /* ScrollImageView */,
				F7AA98F01CECE6A500E1C82D /* Products */,
			);
			sourceTree = "<group>";
		};
		F7AA98F01CECE6A500E1C82D /* Products */ = {
			isa = PBXGroup;
			children = (
				F7AA98EF1CECE6A500E1C82D /* ScrollImageView.app */,
			);
			name = Products;
			sourceTree = "<group>";
		};
		F7AA98F11CECE6A500E1C82D /* ScrollImageView */ = {
			isa = PBXGroup;
			children = (
				F7AA99091CECE83100E1C82D /* ScrollImageView.swift */,
				F7AA98F61CECE6A500E1C82D /* Main.storyboard */,
				F7AA99041CECE70000E1C82D /* supporting files */,
				F7AA98FE1CECE6A500E1C82D /* Info.plist */,
			);
			path = ScrollImageView;
			sourceTree = "<group>";
		};
		F7AA99041CECE70000E1C82D /* supporting files */ = {
			isa = PBXGroup;
			children = (
				F7AA98F91CECE6A500E1C82D /* Assets.xcassets */,
				F7AA98F21CECE6A500E1C82D /* AppDelegate.swift */,
				F7AA98FB1CECE6A500E1C82D /* LaunchScreen.storyboard */,
			);
			name = "supporting files";
			sourceTree = "<group>";
		};
/* End PBXGroup section */

/* Begin PBXNativeTarget section */
		F7AA98EE1CECE6A500E1C82D /* ScrollImageView */ = {
			isa = PBXNativeTarget;
			buildConfigurationList = F7AA99011CECE6A500E1C82D /* Build configuration list for PBXNativeTarget "ScrollImageView" */;
			buildPhases = (
				F7AA98EB1CECE6A500E1C82D /* Sources */,
				F7AA98EC1CECE6A500E1C82D /* Frameworks */,
				F7AA98ED1CECE6A500E1C82D /* Resources */,
			);
			buildRules = (
			);
			dependencies = (
			);
			name = ScrollImageView;
			productName = ScrollImageView;
			productReference = F7AA98EF1CECE6A500E1C82D /* ScrollImageView.app */;
			productType = "com.apple.product-type.application";
		};
/* End PBXNativeTarget section */

/* Begin PBXProject section */
		F7AA98E71CECE6A500E1C82D /* Project object */ = {
			isa = PBXProject;
			attributes = {
				LastSwiftUpdateCheck = 0730;
				LastUpgradeCheck = 0730;
				ORGANIZATIONNAME = "Vignesh Saravanai";
				TargetAttributes = {
					F7AA98EE1CECE6A500E1C82D = {
						CreatedOnToolsVersion = 7.3.1;
						DevelopmentTeam = D8LEG45Q5E;
					};
				};
			};
			buildConfigurationList = F7AA98EA1CECE6A500E1C82D /* Build configuration list for PBXProject "ScrollImageView" */;
			compatibilityVersion = "Xcode 3.2";
			developmentRegion = English;
			hasScannedForEncodings = 0;
			knownRegions = (
				en,
				Base,
			);
			mainGroup = F7AA98E61CECE6A500E1C82D;
			productRefGroup = F7AA98F01CECE6A500E1C82D /* Products */;
			projectDirPath = "";
			projectRoot = "";
			targets = (
				F7AA98EE1CECE6A500E1C82D /* ScrollImageView */,
			);
		};
/* End PBXProject section */

/* Begin PBXResourcesBuildPhase section */
		F7AA98ED1CECE6A500E1C82D /* Resources */ = {
			isa = PBXResourcesBuildPhase;
			buildActionMask = 2147483647;
			files = (
				F7AA98FD1CECE6A500E1C82D /* LaunchScreen.storyboard in Resources */,
				F7AA98FA1CECE6A500E1C82D /* Assets.xcassets in Resources */,
				F7AA98F81CECE6A500E1C82D /* Main.storyboard in Resources */,
			);
			runOnlyForDeploymentPostprocessing = 0;
		};
/* End PBXResourcesBuildPhase section */

/* Begin PBXSourcesBuildPhase section */
		F7AA98EB1CECE6A500E1C82D /* Sources */ = {
			isa = PBXSourcesBuildPhase;
			buildActionMask = 2147483647;
			files = (
				F7AA98F31CECE6A500E1C82D /* AppDelegate.swift in Sources */,
				F7AA990A1CECE83100E1C82D /* ScrollImageView.swift in Sources */,
			);
			runOnlyForDeploymentPostprocessing = 0;
		};
/* End PBXSourcesBuildPhase section */

/* Begin PBXVariantGroup section */
		F7AA98F61CECE6A500E1C82D /* Main.storyboard */ = {
			isa = PBXVariantGroup;
			children = (
				F7AA98F71CECE6A500E1C82D /* Base */,
			);
			name = Main.storyboard;
			sourceTree = "<group>";
		};
		F7AA98FB1CECE6A500E1C82D /* LaunchScreen.storyboard */ = {
			isa = PBXVariantGroup;
			children = (
				F7AA98FC1CECE6A500E1C82D /* Base */,
			);
			name = LaunchScreen.storyboard;
			sourceTree = "<group>";
		};
/* End PBXVariantGroup section */

/* Begin XCBuildConfiguration section */
		F7AA98FF1CECE6A500E1C82D /* Debug */ = {
			isa = XCBuildConfiguration;
			buildSettings = {
				ALWAYS_SEARCH_USER_PATHS = NO;
				CLANG_ANALYZER_NONNULL = YES;
				CLANG_CXX_LANGUAGE_STANDARD = "gnu++0x";
				CLANG_CXX_LIBRARY = "libc++";
				CLANG_ENABLE_MODULES = YES;
				CLANG_ENABLE_OBJC_ARC = YES;
				CLANG_WARN_BOOL_CONVERSION = YES;
				CLANG_WARN_CONSTANT_CONVERSION = YES;
				CLANG_WARN_DIRECT_OBJC_ISA_USAGE = YES_ERROR;
				CLANG_WARN_EMPTY_BODY = YES;
				CLANG_WARN_ENUM_CONVERSION = YES;
				CLANG_WARN_INT_CONVERSION = YES;
				CLANG_WARN_OBJC_ROOT_CLASS = YES_ERROR;
				CLANG_WARN_UNREACHABLE_CODE = YES;
				CLANG_WARN__DUPLICATE_METHOD_MATCH = YES;
				"CODE_SIGN_IDENTITY[sdk=iphoneos*]" = "iPhone Developer";
				COPY_PHASE_STRIP = NO;
				DEBUG_INFORMATION_FORMAT = dwarf;
				ENABLE_STRICT_OBJC_MSGSEND = YES;
				ENABLE_TESTABILITY = YES;
				GCC_C_LANGUAGE_STANDARD = gnu99;
				GCC_DYNAMIC_NO_PIC = NO;
				GCC_NO_COMMON_BLOCKS = YES;
				GCC_OPTIMIZATION_LEVEL = 0;
				GCC_PREPROCESSOR_DEFINITIONS = (
					"DEBUG=1",
					"$(inherited)",
				);
				GCC_WARN_64_TO_32_BIT_CONVERSION = YES;
				GCC_WARN_ABOUT_RETURN_TYPE = YES_ERROR;
				GCC_WARN_UNDECLARED_SELECTOR = YES;
				GCC_WARN_UNINITIALIZED_AUTOS = YES_AGGRESSIVE;
				GCC_WARN_UNUSED_FUNCTION = YES;
				GCC_WARN_UNUSED_VARIABLE = YES;
				IPHONEOS_DEPLOYMENT_TARGET = 9.3;
				MTL_ENABLE_DEBUG_INFO = YES;
				ONLY_ACTIVE_ARCH = YES;
				SDKROOT = iphoneos;
				SWIFT_OPTIMIZATION_LEVEL = "-Onone";
				TARGETED_DEVICE_FAMILY = "1,2";
			};
			name = Debug;
		};
		F7AA99001CECE6A500E1C82D /* Release */ = {
			isa = XCBuildConfiguration;
			buildSettings = {
				ALWAYS_SEARCH_USER_PATHS = NO;
				CLANG_ANALYZER_NONNULL = YES;
				CLANG_CXX_LANGUAGE_STANDARD = "gnu++0x";
				CLANG_CXX_LIBRARY = "libc++";
				CLANG_ENABLE_MODULES = YES;
				CLANG_ENABLE_OBJC_ARC = YES;
				CLANG_WARN_BOOL_CONVERSION = YES;
				CLANG_WARN_CONSTANT_CONVERSION = YES;
				CLANG_WARN_DIRECT_OBJC_ISA_USAGE = YES_ERROR;
				CLANG_WARN_EMPTY_BODY = YES;
				CLANG_WARN_ENUM_CONVERSION = YES;
				CLANG_WARN_INT_CONVERSION = YES;
				CLANG_WARN_OBJC_ROOT_CLASS = YES_ERROR;
				CLANG_WARN_UNREACHABLE_CODE = YES;
				CLANG_WARN__DUPLICATE_METHOD_MATCH = YES;
				"CODE_SIGN_IDENTITY[sdk=iphoneos*]" = "iPhone Developer";
				COPY_PHASE_STRIP = NO;
				DEBUG_INFORMATION_FORMAT = "dwarf-with-dsym";
				ENABLE_NS_ASSERTIONS = NO;
				ENABLE_STRICT_OBJC_MSGSEND = YES;
				GCC_C_LANGUAGE_STANDARD = gnu99;
				GCC_NO_COMMON_BLOCKS = YES;
				GCC_WARN_64_TO_32_BIT_CONVERSION = YES;
				GCC_WARN_ABOUT_RETURN_TYPE = YES_ERROR;
				GCC_WARN_UNDECLARED_SELECTOR = YES;
				GCC_WARN_UNINITIALIZED_AUTOS = YES_AGGRESSIVE;
				GCC_WARN_UNUSED_FUNCTION = YES;
				GCC_WARN_UNUSED_VARIABLE = YES;
				IPHONEOS_DEPLOYMENT_TARGET = 9.3;
				MTL_ENABLE_DEBUG_INFO = NO;
				SDKROOT = iphoneos;
				TARGETED_DEVICE_FAMILY = "1,2";
				VALIDATE_PRODUCT = YES;
			};
			name = Release;
		};
		F7AA99021CECE6A500E1C82D /* Debug */ = {
			isa = XCBuildConfiguration;
			buildSettings = {
				ASSETCATALOG_COMPILER_APPICON_NAME = AppIcon;
				INFOPLIST_FILE = ScrollImageView/Info.plist;
				LD_RUNPATH_SEARCH_PATHS = "$(inherited) @executable_path/Frameworks";
				PRODUCT_BUNDLE_IDENTIFIER = org.vignesh.saravanai.ScrollImageView;
				PRODUCT_NAME = "$(TARGET_NAME)";
			};
			name = Debug;
		};
		F7AA99031CECE6A500E1C82D /* Release */ = {
			isa = XCBuildConfiguration;
			buildSettings = {
				ASSETCATALOG_COMPILER_APPICON_NAME = AppIcon;
				INFOPLIST_FILE = ScrollImageView/Info.plist;
				LD_RUNPATH_SEARCH_PATHS = "$(inherited) @executable_path/Frameworks";
				PRODUCT_BUNDLE_IDENTIFIER = org.vignesh.saravanai.ScrollImageView;
				PRODUCT_NAME = "$(TARGET_NAME)";
			};
			name = Release;
		};
/* End XCBuildConfiguration section */

/* Begin XCConfigurationList section */
		F7AA98EA1CECE6A500E1C82D /* Build configuration list for PBXProject "ScrollImageView" */ = {
			isa = XCConfigurationList;
			buildConfigurations = (
				F7AA98FF1CECE6A500E1C82D /* Debug */,
				F7AA99001CECE6A500E1C82D /* Release */,
			);
			defaultConfigurationIsVisible = 0;
			defaultConfigurationName = Release;
		};
		F7AA99011CECE6A500E1C82D /* Build configuration list for PBXNativeTarget "ScrollImageView" */ = {
			isa = XCConfigurationList;
			buildConfigurations = (
				F7AA99021CECE6A500E1C82D /* Debug */,
				F7AA99031CECE6A500E1C82D /* Release */,
			);
			defaultConfigurationIsVisible = 0;
		};
/* End XCConfigurationList section */
	};
	rootObject = F7AA98E71CECE6A500E1C82D /* Project object */;
}
