// !$*UTF8*$!
{
	archiveVersion = 1;
	classes = {
	};
	objectVersion = 46;
	objects = {

/* Begin PBXBuildFile section */
		F71C77E31CCFE72E00AE6AA7 /* CalculatorBrain.swift in Sources */ = {isa = PBXBuildFile; fileRef = F71C77E21CCFE72E00AE6AA7 /* CalculatorBrain.swift */; };
		F7FE45F31CCB6B30000F674E /* AppDelegate.swift in Sources */ = {isa = PBXBuildFile; fileRef = F7FE45F21CCB6B30000F674E /* AppDelegate.swift */; };
		F7FE45F51CCB6B30000F674E /* ViewController.swift in Sources */ = {isa = PBXBuildFile; fileRef = F7FE45F41CCB6B30000F674E /* ViewController.swift */; };
		F7FE45F81CCB6B30000F674E /* Main.storyboard in Resources */ = {isa = PBXBuildFile; fileRef = F7FE45F61CCB6B30000F674E /* Main.storyboard */; };
		F7FE45FA1CCB6B30000F674E /* Assets.xcassets in Resources */ = {isa = PBXBuildFile; fileRef = F7FE45F91CCB6B30000F674E /* Assets.xcassets */; };
		F7FE45FD1CCB6B30000F674E /* LaunchScreen.storyboard in Resources */ = {isa = PBXBuildFile; fileRef = F7FE45FB1CCB6B30000F674E /* LaunchScreen.storyboard */; };
/* End PBXBuildFile section */

/* Begin PBXFileReference section */
		F71C77E21CCFE72E00AE6AA7 /* CalculatorBrain.swift */ = {isa = PBXFileReference; fileEncoding = 4; lastKnownFileType = sourcecode.swift; path = CalculatorBrain.swift; sourceTree = "<group>"; };
		F7FE45EF1CCB6B30000F674E /* Calculator.app */ = {isa = PBXFileReference; explicitFileType = wrapper.application; includeInIndex = 0; path = Calculator.app; sourceTree = BUILT_PRODUCTS_DIR; };
		F7FE45F21CCB6B30000F674E /* AppDelegate.swift */ = {isa = PBXFileReference; lastKnownFileType = sourcecode.swift; path = AppDelegate.swift; sourceTree = "<group>"; };
		F7FE45F41CCB6B30000F674E /* ViewController.swift */ = {isa = PBXFileReference; lastKnownFileType = sourcecode.swift; path = ViewController.swift; sourceTree = "<group>"; };
		F7FE45F71CCB6B30000F674E /* Base */ = {isa = PBXFileReference; lastKnownFileType = file.storyboard; name = Base; path = Base.lproj/Main.storyboard; sourceTree = "<group>"; };
		F7FE45F91CCB6B30000F674E /* Assets.xcassets */ = {isa = PBXFileReference; lastKnownFileType = folder.assetcatalog; path = Assets.xcassets; sourceTree = "<group>"; };
		F7FE45FC1CCB6B30000F674E /* Base */ = {isa = PBXFileReference; lastKnownFileType = file.storyboard; name = Base; path = Base.lproj/LaunchScreen.storyboard; sourceTree = "<group>"; };
		F7FE45FE1CCB6B30000F674E /* Info.plist */ = {isa = PBXFileReference; lastKnownFileType = text.plist.xml; path = Info.plist; sourceTree = "<group>"; };
/* End PBXFileReference section */

/* Begin PBXFrameworksBuildPhase section */
		F7FE45EC1CCB6B30000F674E /* Frameworks */ = {
			isa = PBXFrameworksBuildPhase;
			buildActionMask = 2147483647;
			files = (
			);
			runOnlyForDeploymentPostprocessing = 0;
		};
/* End PBXFrameworksBuildPhase section */

/* Begin PBXGroup section */
		F7FE45E61CCB6B30000F674E = {
			isa = PBXGroup;
			children = (
				F7FE45F11CCB6B30000F674E /* Calculator */,
				F7FE45F01CCB6B30000F674E /* Products */,
			);
			sourceTree = "<group>";
		};
		F7FE45F01CCB6B30000F674E /* Products */ = {
			isa = PBXGroup;
			children = (
				F7FE45EF1CCB6B30000F674E /* Calculator.app */,
			);
			name = Products;
			sourceTree = "<group>";
		};
		F7FE45F11CCB6B30000F674E /* Calculator */ = {
			isa = PBXGroup;
			children = (
				F7FE46041CCB72CE000F674E /* supporting files */,
				F7FE45F41CCB6B30000F674E /* ViewController.swift */,
				F7FE45F61CCB6B30000F674E /* Main.storyboard */,
				F71C77E21CCFE72E00AE6AA7 /* CalculatorBrain.swift */,
			);
			path = Calculator;
			sourceTree = "<group>";
		};
		F7FE46041CCB72CE000F674E /* supporting files */ = {
			isa = PBXGroup;
			children = (
				F7FE45FE1CCB6B30000F674E /* Info.plist */,
				F7FE45F91CCB6B30000F674E /* Assets.xcassets */,
				F7FE45F21CCB6B30000F674E /* AppDelegate.swift */,
				F7FE45FB1CCB6B30000F674E /* LaunchScreen.storyboard */,
			);
			name = "supporting files";
			sourceTree = "<group>";
		};
/* End PBXGroup section */

/* Begin PBXNativeTarget section */
		F7FE45EE1CCB6B30000F674E /* Calculator */ = {
			isa = PBXNativeTarget;
			buildConfigurationList = F7FE46011CCB6B30000F674E /* Build configuration list for PBXNativeTarget "Calculator" */;
			buildPhases = (
				F7FE45EB1CCB6B30000F674E /* Sources */,
				F7FE45EC1CCB6B30000F674E /* Frameworks */,
				F7FE45ED1CCB6B30000F674E /* Resources */,
			);
			buildRules = (
			);
			dependencies = (
			);
			name = Calculator;
			productName = Calculator;
			productReference = F7FE45EF1CCB6B30000F674E /* Calculator.app */;
			productType = "com.apple.product-type.application";
		};
/* End PBXNativeTarget section */

/* Begin PBXProject section */
		F7FE45E71CCB6B30000F674E /* Project object */ = {
			isa = PBXProject;
			attributes = {
				LastSwiftUpdateCheck = 0730;
				LastUpgradeCheck = 0730;
				ORGANIZATIONNAME = "Vignesh Saravanai";
				TargetAttributes = {
					F7FE45EE1CCB6B30000F674E = {
						CreatedOnToolsVersion = 7.3;
						DevelopmentTeam = D8LEG45Q5E;
					};
				};
			};
			buildConfigurationList = F7FE45EA1CCB6B30000F674E /* Build configuration list for PBXProject "Calculator" */;
			compatibilityVersion = "Xcode 3.2";
			developmentRegion = English;
			hasScannedForEncodings = 0;
			knownRegions = (
				en,
				Base,
			);
			mainGroup = F7FE45E61CCB6B30000F674E;
			productRefGroup = F7FE45F01CCB6B30000F674E /* Products */;
			projectDirPath = "";
			projectRoot = "";
			targets = (
				F7FE45EE1CCB6B30000F674E /* Calculator */,
			);
		};
/* End PBXProject section */

/* Begin PBXResourcesBuildPhase section */
		F7FE45ED1CCB6B30000F674E /* Resources */ = {
			isa = PBXResourcesBuildPhase;
			buildActionMask = 2147483647;
			files = (
				F7FE45FD1CCB6B30000F674E /* LaunchScreen.storyboard in Resources */,
				F7FE45FA1CCB6B30000F674E /* Assets.xcassets in Resources */,
				F7FE45F81CCB6B30000F674E /* Main.storyboard in Resources */,
			);
			runOnlyForDeploymentPostprocessing = 0;
		};
/* End PBXResourcesBuildPhase section */

/* Begin PBXSourcesBuildPhase section */
		F7FE45EB1CCB6B30000F674E /* Sources */ = {
			isa = PBXSourcesBuildPhase;
			buildActionMask = 2147483647;
			files = (
				F71C77E31CCFE72E00AE6AA7 /* CalculatorBrain.swift in Sources */,
				F7FE45F51CCB6B30000F674E /* ViewController.swift in Sources */,
				F7FE45F31CCB6B30000F674E /* AppDelegate.swift in Sources */,
			);
			runOnlyForDeploymentPostprocessing = 0;
		};
/* End PBXSourcesBuildPhase section */

/* Begin PBXVariantGroup section */
		F7FE45F61CCB6B30000F674E /* Main.storyboard */ = {
			isa = PBXVariantGroup;
			children = (
				F7FE45F71CCB6B30000F674E /* Base */,
			);
			name = Main.storyboard;
			sourceTree = "<group>";
		};
		F7FE45FB1CCB6B30000F674E /* LaunchScreen.storyboard */ = {
			isa = PBXVariantGroup;
			children = (
				F7FE45FC1CCB6B30000F674E /* Base */,
			);
			name = LaunchScreen.storyboard;
			sourceTree = "<group>";
		};
/* End PBXVariantGroup section */

/* Begin XCBuildConfiguration section */
		F7FE45FF1CCB6B30000F674E /* Debug */ = {
			isa = XCBuildConfiguration;
			buildSettings = {
				ALWAYS_SEARCH_USER_PATHS = NO;
				CLANG_ANALYZER_NONNULL = YES;
				CLANG_CXX_LANGUAGE_STANDARD = "gnu++0x";
				CLANG_CXX_LIBRARY = "libc++";
				CLANG_ENABLE_MODULES = YES;
				CLANG_ENABLE_OBJC_ARC = YES;
				CLANG_WARN_BOOL_CONVERSION = YES;
				CLANG_WARN_CONSTANT_CONVERSION = YES;
				CLANG_WARN_DIRECT_OBJC_ISA_USAGE = YES_ERROR;
				CLANG_WARN_EMPTY_BODY = YES;
				CLANG_WARN_ENUM_CONVERSION = YES;
				CLANG_WARN_INT_CONVERSION = YES;
				CLANG_WARN_OBJC_ROOT_CLASS = YES_ERROR;
				CLANG_WARN_UNREACHABLE_CODE = YES;
				CLANG_WARN__DUPLICATE_METHOD_MATCH = YES;
				"CODE_SIGN_IDENTITY[sdk=iphoneos*]" = "iPhone Developer";
				COPY_PHASE_STRIP = NO;
				DEBUG_INFORMATION_FORMAT = dwarf;
				ENABLE_STRICT_OBJC_MSGSEND = YES;
				ENABLE_TESTABILITY = YES;
				GCC_C_LANGUAGE_STANDARD = gnu99;
				GCC_DYNAMIC_NO_PIC = NO;
				GCC_NO_COMMON_BLOCKS = YES;
				GCC_OPTIMIZATION_LEVEL = 0;
				GCC_PREPROCESSOR_DEFINITIONS = (
					"DEBUG=1",
					"$(inherited)",
				);
				GCC_WARN_64_TO_32_BIT_CONVERSION = YES;
				GCC_WARN_ABOUT_RETURN_TYPE = YES_ERROR;
				GCC_WARN_UNDECLARED_SELECTOR = YES;
				GCC_WARN_UNINITIALIZED_AUTOS = YES_AGGRESSIVE;
				GCC_WARN_UNUSED_FUNCTION = YES;
				GCC_WARN_UNUSED_VARIABLE = YES;
				IPHONEOS_DEPLOYMENT_TARGET = 9.3;
				MTL_ENABLE_DEBUG_INFO = YES;
				ONLY_ACTIVE_ARCH = YES;
				SDKROOT = iphoneos;
				SWIFT_OPTIMIZATION_LEVEL = "-Onone";
				TARGETED_DEVICE_FAMILY = "1,2";
			};
			name = Debug;
		};
		F7FE46001CCB6B30000F674E /* Release */ = {
			isa = XCBuildConfiguration;
			buildSettings = {
				ALWAYS_SEARCH_USER_PATHS = NO;
				CLANG_ANALYZER_NONNULL = YES;
				CLANG_CXX_LANGUAGE_STANDARD = "gnu++0x";
				CLANG_CXX_LIBRARY = "libc++";
				CLANG_ENABLE_MODULES = YES;
				CLANG_ENABLE_OBJC_ARC = YES;
				CLANG_WARN_BOOL_CONVERSION = YES;
				CLANG_WARN_CONSTANT_CONVERSION = YES;
				CLANG_WARN_DIRECT_OBJC_ISA_USAGE = YES_ERROR;
				CLANG_WARN_EMPTY_BODY = YES;
				CLANG_WARN_ENUM_CONVERSION = YES;
				CLANG_WARN_INT_CONVERSION = YES;
				CLANG_WARN_OBJC_ROOT_CLASS = YES_ERROR;
				CLANG_WARN_UNREACHABLE_CODE = YES;
				CLANG_WARN__DUPLICATE_METHOD_MATCH = YES;
				"CODE_SIGN_IDENTITY[sdk=iphoneos*]" = "iPhone Developer";
				COPY_PHASE_STRIP = NO;
				DEBUG_INFORMATION_FORMAT = "dwarf-with-dsym";
				ENABLE_NS_ASSERTIONS = NO;
				ENABLE_STRICT_OBJC_MSGSEND = YES;
				GCC_C_LANGUAGE_STANDARD = gnu99;
				GCC_NO_COMMON_BLOCKS = YES;
				GCC_WARN_64_TO_32_BIT_CONVERSION = YES;
				GCC_WARN_ABOUT_RETURN_TYPE = YES_ERROR;
				GCC_WARN_UNDECLARED_SELECTOR = YES;
				GCC_WARN_UNINITIALIZED_AUTOS = YES_AGGRESSIVE;
				GCC_WARN_UNUSED_FUNCTION = YES;
				GCC_WARN_UNUSED_VARIABLE = YES;
				IPHONEOS_DEPLOYMENT_TARGET = 9.3;
				MTL_ENABLE_DEBUG_INFO = NO;
				SDKROOT = iphoneos;
				TARGETED_DEVICE_FAMILY = "1,2";
				VALIDATE_PRODUCT = YES;
			};
			name = Release;
		};
		F7FE46021CCB6B30000F674E /* Debug */ = {
			isa = XCBuildConfiguration;
			buildSettings = {
				ASSETCATALOG_COMPILER_APPICON_NAME = AppIcon;
				CODE_SIGN_IDENTITY = "iPhone Developer";
				INFOPLIST_FILE = Calculator/Info.plist;
				LD_RUNPATH_SEARCH_PATHS = "$(inherited) @executable_path/Frameworks";
				PRODUCT_BUNDLE_IDENTIFIER = org.vignesh.saravanai.Calculator;
				PRODUCT_NAME = "$(TARGET_NAME)";
			};
			name = Debug;
		};
		F7FE46031CCB6B30000F674E /* Release */ = {
			isa = XCBuildConfiguration;
			buildSettings = {
				ASSETCATALOG_COMPILER_APPICON_NAME = AppIcon;
				CODE_SIGN_IDENTITY = "iPhone Developer";
				INFOPLIST_FILE = Calculator/Info.plist;
				LD_RUNPATH_SEARCH_PATHS = "$(inherited) @executable_path/Frameworks";
				PRODUCT_BUNDLE_IDENTIFIER = org.vignesh.saravanai.Calculator;
				PRODUCT_NAME = "$(TARGET_NAME)";
			};
			name = Release;
		};
/* End XCBuildConfiguration section */

/* Begin XCConfigurationList section */
		F7FE45EA1CCB6B30000F674E /* Build configuration list for PBXProject "Calculator" */ = {
			isa = XCConfigurationList;
			buildConfigurations = (
				F7FE45FF1CCB6B30000F674E /* Debug */,
				F7FE46001CCB6B30000F674E /* Release */,
			);
			defaultConfigurationIsVisible = 0;
			defaultConfigurationName = Release;
		};
		F7FE46011CCB6B30000F674E /* Build configuration list for PBXNativeTarget "Calculator" */ = {
			isa = XCConfigurationList;
			buildConfigurations = (
				F7FE46021CCB6B30000F674E /* Debug */,
				F7FE46031CCB6B30000F674E /* Release */,
			);
			defaultConfigurationIsVisible = 0;
			defaultConfigurationName = Release;
		};
/* End XCConfigurationList section */
	};
	rootObject = F7FE45E71CCB6B30000F674E /* Project object */;
}
